
Microsoft Visual Studio Solution File, Format Version 12.00
# Visual Studio 15
VisualStudioVersion = 15.0.27703.2035
MinimumVisualStudioVersion = 10.0.40219.1
Project("{FAE04EC0-301F-11D3-BF4B-00C04F79EFBC}") = "FileLoader", "FileLoader\FileLoader.csproj", "{5A43961C-0589-4918-AEEE-269E99A18F56}"
EndProject
Project("{FAE04EC0-301F-11D3-BF4B-00C04F79EFBC}") = "WebApp", "WebApp\WebApp.csproj", "{FFBAFF04-A463-47D0-AFA8-0E81BA333D48}"
EndProject
Project("{FAE04EC0-301F-11D3-BF4B-00C04F79EFBC}") = "FileLoader.Tests", "FileLoader.Tests\FileLoader.Tests.csproj", "{A7991C00-3863-47A9-AD25-4E41A2F27C39}"
EndProject
Global
	GlobalSection(SolutionConfigurationPlatforms) = preSolution
		Debug|Any CPU = Debug|Any CPU
		Release|Any CPU = Release|Any CPU
	EndGlobalSection
	GlobalSection(ProjectConfigurationPlatforms) = postSolution
		{5A43961C-0589-4918-AEEE-269E99A18F56}.Debug|Any CPU.ActiveCfg = Debug|Any CPU
		{5A43961C-0589-4918-AEEE-269E99A18F56}.Debug|Any CPU.Build.0 = Debug|Any CPU
		{5A43961C-0589-4918-AEEE-269E99A18F56}.Release|Any CPU.ActiveCfg = Release|Any CPU
		{5A43961C-0589-4918-AEEE-269E99A18F56}.Release|Any CPU.Build.0 = Release|Any CPU
		{FFBAFF04-A463-47D0-AFA8-0E81BA333D48}.Debug|Any CPU.ActiveCfg = Debug|Any CPU
		{FFBAFF04-A463-47D0-AFA8-0E81BA333D48}.Debug|Any CPU.Build.0 = Debug|Any CPU
		{FFBAFF04-A463-47D0-AFA8-0E81BA333D48}.Release|Any CPU.ActiveCfg = Release|Any CPU
		{FFBAFF04-A463-47D0-AFA8-0E81BA333D48}.Release|Any CPU.Build.0 = Release|Any CPU
		{A7991C00-3863-47A9-AD25-4E41A2F27C39}.Debug|Any CPU.ActiveCfg = Debug|Any CPU
		{A7991C00-3863-47A9-AD25-4E41A2F27C39}.Debug|Any CPU.Build.0 = Debug|Any CPU
		{A7991C00-3863-47A9-AD25-4E41A2F27C39}.Release|Any CPU.ActiveCfg = Release|Any CPU
		{A7991C00-3863-47A9-AD25-4E41A2F27C39}.Release|Any CPU.Build.0 = Release|Any CPU
	EndGlobalSection
	GlobalSection(SolutionProperties) = preSolution
		HideSolutionNode = FALSE
	EndGlobalSection
	GlobalSection(ExtensibilityGlobals) = postSolution
		SolutionGuid = {F6E1D207-30AE-4712-B069-6AA782ABB74E}
	EndGlobalSection
EndGlobal
